
Microsoft Visual Studio Solution File, Format Version 12.00
# Visual Studio Version 17
VisualStudioVersion = 17.10.34916.146
MinimumVisualStudioVersion = 10.0.40219.1
Project("{FAE04EC0-301F-11D3-BF4B-00C04F79EFBC}") = "GGFPSUnlocker", "GGFPSUnlocker\GGFPSUnlocker.csproj", "{30BF8CEB-9A24-4B34-AB51-2476EB9373BF}"
EndProject
Global
	GlobalSection(SolutionConfigurationPlatforms) = preSolution
		Debug|Any CPU = Debug|Any CPU
		Release|Any CPU = Release|Any CPU
	EndGlobalSection
	GlobalSection(ProjectConfigurationPlatforms) = postSolution
		{30BF8CEB-9A24-4B34-AB51-2476EB9373BF}.Debug|Any CPU.ActiveCfg = Debug|Any CPU
		{30BF8CEB-9A24-4B34-AB51-2476EB9373BF}.Debug|Any CPU.Build.0 = Debug|Any CPU
		{30BF8CEB-9A24-4B34-AB51-2476EB9373BF}.Release|Any CPU.ActiveCfg = Release|Any CPU
		{30BF8CEB-9A24-4B34-AB51-2476EB9373BF}.Release|Any CPU.Build.0 = Release|Any CPU
	EndGlobalSection
	GlobalSection(SolutionProperties) = preSolution
		HideSolutionNode = FALSE
	EndGlobalSection
	GlobalSection(ExtensibilityGlobals) = postSolution
		SolutionGuid = {C77AE212-45AC-4A84-8525-3B27342F4356}
	EndGlobalSection
EndGlobal
